
Microsoft Visual Studio Solution File, Format Version 12.00
# Visual Studio Version 17
VisualStudioVersion = 17.1.32414.318
MinimumVisualStudioVersion = 10.0.40219.1
Project("{2150E333-8FDC-42A3-9474-1A3956D46DE8}") = "Core", "Core", "{B39249A4-E6B6-4CC0-9CFC-2F3AC77A0C81}"
EndProject
Project("{2150E333-8FDC-42A3-9474-1A3956D46DE8}") = "Infrastructure", "Infrastructure", "{1614B27D-CA3C-4207-BCB4-CDFC39C76BA7}"
EndProject
Project("{2150E333-8FDC-42A3-9474-1A3956D46DE8}") = "Presentation", "Presentation", "{28E50676-60FA-4E53-9C69-28CC2134E714}"
EndProject
Project("{9A19103F-16F7-4668-BE54-9A1E7A4F7556}") = "WebApi", "WebApi\WebApi.csproj", "{48E358E3-9D78-4FA9-800C-0F06368C9F90}"
	ProjectSection(ProjectDependencies) = postProject
		{C65CA4E6-E680-478B-AF35-073912AFF388} = {C65CA4E6-E680-478B-AF35-073912AFF388}
		{FB902D54-654D-4655-A2A9-9D7E0711BBCB} = {FB902D54-654D-4655-A2A9-9D7E0711BBCB}
	EndProjectSection
EndProject
Project("{9A19103F-16F7-4668-BE54-9A1E7A4F7556}") = "Domen", "Domen\Domen.csproj", "{C65CA4E6-E680-478B-AF35-073912AFF388}"
EndProject
Project("{9A19103F-16F7-4668-BE54-9A1E7A4F7556}") = "Application", "Application\Application.csproj", "{8269CD96-8132-4A43-9519-18124F6056B3}"
EndProject
Project("{9A19103F-16F7-4668-BE54-9A1E7A4F7556}") = "Persistence", "Persistence\Persistence.csproj", "{FB902D54-654D-4655-A2A9-9D7E0711BBCB}"
	ProjectSection(ProjectDependencies) = postProject
		{8269CD96-8132-4A43-9519-18124F6056B3} = {8269CD96-8132-4A43-9519-18124F6056B3}
		{C65CA4E6-E680-478B-AF35-073912AFF388} = {C65CA4E6-E680-478B-AF35-073912AFF388}
	EndProjectSection
EndProject
Project("{2150E333-8FDC-42A3-9474-1A3956D46DE8}") = "Tests", "Tests", "{70C739C7-5BCA-42E4-8C2F-3956B356E827}"
EndProject
Project("{FAE04EC0-301F-11D3-BF4B-00C04F79EFBC}") = "UnitTests", "UnitTests\UnitTests.csproj", "{185B2A38-CF75-4D11-B32B-42FBCD58C299}"
	ProjectSection(ProjectDependencies) = postProject
		{8269CD96-8132-4A43-9519-18124F6056B3} = {8269CD96-8132-4A43-9519-18124F6056B3}
		{C65CA4E6-E680-478B-AF35-073912AFF388} = {C65CA4E6-E680-478B-AF35-073912AFF388}
	EndProjectSection
EndProject
Global
	GlobalSection(SolutionConfigurationPlatforms) = preSolution
		Debug|Any CPU = Debug|Any CPU
		Release|Any CPU = Release|Any CPU
	EndGlobalSection
	GlobalSection(ProjectConfigurationPlatforms) = postSolution
		{48E358E3-9D78-4FA9-800C-0F06368C9F90}.Debug|Any CPU.ActiveCfg = Debug|Any CPU
		{48E358E3-9D78-4FA9-800C-0F06368C9F90}.Debug|Any CPU.Build.0 = Debug|Any CPU
		{48E358E3-9D78-4FA9-800C-0F06368C9F90}.Release|Any CPU.ActiveCfg = Release|Any CPU
		{48E358E3-9D78-4FA9-800C-0F06368C9F90}.Release|Any CPU.Build.0 = Release|Any CPU
		{C65CA4E6-E680-478B-AF35-073912AFF388}.Debug|Any CPU.ActiveCfg = Debug|Any CPU
		{C65CA4E6-E680-478B-AF35-073912AFF388}.Debug|Any CPU.Build.0 = Debug|Any CPU
		{C65CA4E6-E680-478B-AF35-073912AFF388}.Release|Any CPU.ActiveCfg = Release|Any CPU
		{C65CA4E6-E680-478B-AF35-073912AFF388}.Release|Any CPU.Build.0 = Release|Any CPU
		{8269CD96-8132-4A43-9519-18124F6056B3}.Debug|Any CPU.ActiveCfg = Debug|Any CPU
		{8269CD96-8132-4A43-9519-18124F6056B3}.Debug|Any CPU.Build.0 = Debug|Any CPU
		{8269CD96-8132-4A43-9519-18124F6056B3}.Release|Any CPU.ActiveCfg = Release|Any CPU
		{8269CD96-8132-4A43-9519-18124F6056B3}.Release|Any CPU.Build.0 = Release|Any CPU
		{FB902D54-654D-4655-A2A9-9D7E0711BBCB}.Debug|Any CPU.ActiveCfg = Debug|Any CPU
		{FB902D54-654D-4655-A2A9-9D7E0711BBCB}.Debug|Any CPU.Build.0 = Debug|Any CPU
		{FB902D54-654D-4655-A2A9-9D7E0711BBCB}.Release|Any CPU.ActiveCfg = Release|Any CPU
		{FB902D54-654D-4655-A2A9-9D7E0711BBCB}.Release|Any CPU.Build.0 = Release|Any CPU
		{185B2A38-CF75-4D11-B32B-42FBCD58C299}.Debug|Any CPU.ActiveCfg = Debug|Any CPU
		{185B2A38-CF75-4D11-B32B-42FBCD58C299}.Debug|Any CPU.Build.0 = Debug|Any CPU
		{185B2A38-CF75-4D11-B32B-42FBCD58C299}.Release|Any CPU.ActiveCfg = Release|Any CPU
		{185B2A38-CF75-4D11-B32B-42FBCD58C299}.Release|Any CPU.Build.0 = Release|Any CPU
	EndGlobalSection
	GlobalSection(SolutionProperties) = preSolution
		HideSolutionNode = FALSE
	EndGlobalSection
	GlobalSection(NestedProjects) = preSolution
		{48E358E3-9D78-4FA9-800C-0F06368C9F90} = {28E50676-60FA-4E53-9C69-28CC2134E714}
		{C65CA4E6-E680-478B-AF35-073912AFF388} = {B39249A4-E6B6-4CC0-9CFC-2F3AC77A0C81}
		{8269CD96-8132-4A43-9519-18124F6056B3} = {B39249A4-E6B6-4CC0-9CFC-2F3AC77A0C81}
		{FB902D54-654D-4655-A2A9-9D7E0711BBCB} = {1614B27D-CA3C-4207-BCB4-CDFC39C76BA7}
		{185B2A38-CF75-4D11-B32B-42FBCD58C299} = {70C739C7-5BCA-42E4-8C2F-3956B356E827}
	EndGlobalSection
	GlobalSection(ExtensibilityGlobals) = postSolution
		SolutionGuid = {3D4064A3-57E5-4E8D-8BD7-DD5736320A18}
	EndGlobalSection
EndGlobal
